
Microsoft Visual Studio Solution File, Format Version 12.00
# Visual Studio Version 16
VisualStudioVersion = 16.0.30503.244
MinimumVisualStudioVersion = 10.0.40219.1
Project("{FAE04EC0-301F-11D3-BF4B-00C04F79EFBC}") = "01-ByteBank", "01-ByteBank\01-ByteBank.csproj", "{63B4C8BE-080E-4F55-9416-4AA2BBA84E2B}"
EndProject
Project("{FAE04EC0-301F-11D3-BF4B-00C04F79EFBC}") = "02-ByteBank", "02-ByteBank\02-ByteBank.csproj", "{88B3A18B-2459-4555-BBBB-E354564A1E6B}"
EndProject
Project("{FAE04EC0-301F-11D3-BF4B-00C04F79EFBC}") = "03-ByteBank", "03-ByteBank\03-ByteBank.csproj", "{4D5B2F96-4CF0-4529-A9A1-545F8CBCEED2}"
EndProject
Project("{FAE04EC0-301F-11D3-BF4B-00C04F79EFBC}") = "04-ByteBank", "04-ByteBank\04-ByteBank.csproj", "{43B03062-81C5-43D7-AAEF-DAE0109252C5}"
EndProject
Project("{FAE04EC0-301F-11D3-BF4B-00C04F79EFBC}") = "05-ByteBank", "05-ByteBank\05-ByteBank.csproj", "{66A91588-EC4A-41B1-9E34-23A92FC39A23}"
EndProject
Project("{FAE04EC0-301F-11D3-BF4B-00C04F79EFBC}") = "06-ByteBank", "06-ByteBank\06-ByteBank.csproj", "{F2572EA0-0471-452B-8BB5-9C4A6A7F9F72}"
EndProject
Project("{FAE04EC0-301F-11D3-BF4B-00C04F79EFBC}") = "07-ByteBank", "07-ByteBank\07-ByteBank.csproj", "{E82332F4-8A8F-4955-9246-129F9AE38E4D}"
EndProject
Global
	GlobalSection(SolutionConfigurationPlatforms) = preSolution
		Debug|Any CPU = Debug|Any CPU
		Release|Any CPU = Release|Any CPU
	EndGlobalSection
	GlobalSection(ProjectConfigurationPlatforms) = postSolution
		{63B4C8BE-080E-4F55-9416-4AA2BBA84E2B}.Debug|Any CPU.ActiveCfg = Debug|Any CPU
		{63B4C8BE-080E-4F55-9416-4AA2BBA84E2B}.Debug|Any CPU.Build.0 = Debug|Any CPU
		{63B4C8BE-080E-4F55-9416-4AA2BBA84E2B}.Release|Any CPU.ActiveCfg = Release|Any CPU
		{63B4C8BE-080E-4F55-9416-4AA2BBA84E2B}.Release|Any CPU.Build.0 = Release|Any CPU
		{88B3A18B-2459-4555-BBBB-E354564A1E6B}.Debug|Any CPU.ActiveCfg = Debug|Any CPU
		{88B3A18B-2459-4555-BBBB-E354564A1E6B}.Debug|Any CPU.Build.0 = Debug|Any CPU
		{88B3A18B-2459-4555-BBBB-E354564A1E6B}.Release|Any CPU.ActiveCfg = Release|Any CPU
		{88B3A18B-2459-4555-BBBB-E354564A1E6B}.Release|Any CPU.Build.0 = Release|Any CPU
		{4D5B2F96-4CF0-4529-A9A1-545F8CBCEED2}.Debug|Any CPU.ActiveCfg = Debug|Any CPU
		{4D5B2F96-4CF0-4529-A9A1-545F8CBCEED2}.Debug|Any CPU.Build.0 = Debug|Any CPU
		{4D5B2F96-4CF0-4529-A9A1-545F8CBCEED2}.Release|Any CPU.ActiveCfg = Release|Any CPU
		{4D5B2F96-4CF0-4529-A9A1-545F8CBCEED2}.Release|Any CPU.Build.0 = Release|Any CPU
		{43B03062-81C5-43D7-AAEF-DAE0109252C5}.Debug|Any CPU.ActiveCfg = Debug|Any CPU
		{43B03062-81C5-43D7-AAEF-DAE0109252C5}.Debug|Any CPU.Build.0 = Debug|Any CPU
		{43B03062-81C5-43D7-AAEF-DAE0109252C5}.Release|Any CPU.ActiveCfg = Release|Any CPU
		{43B03062-81C5-43D7-AAEF-DAE0109252C5}.Release|Any CPU.Build.0 = Release|Any CPU
		{66A91588-EC4A-41B1-9E34-23A92FC39A23}.Debug|Any CPU.ActiveCfg = Debug|Any CPU
		{66A91588-EC4A-41B1-9E34-23A92FC39A23}.Debug|Any CPU.Build.0 = Debug|Any CPU
		{66A91588-EC4A-41B1-9E34-23A92FC39A23}.Release|Any CPU.ActiveCfg = Release|Any CPU
		{66A91588-EC4A-41B1-9E34-23A92FC39A23}.Release|Any CPU.Build.0 = Release|Any CPU
		{F2572EA0-0471-452B-8BB5-9C4A6A7F9F72}.Debug|Any CPU.ActiveCfg = Debug|Any CPU
		{F2572EA0-0471-452B-8BB5-9C4A6A7F9F72}.Debug|Any CPU.Build.0 = Debug|Any CPU
		{F2572EA0-0471-452B-8BB5-9C4A6A7F9F72}.Release|Any CPU.ActiveCfg = Release|Any CPU
		{F2572EA0-0471-452B-8BB5-9C4A6A7F9F72}.Release|Any CPU.Build.0 = Release|Any CPU
		{E82332F4-8A8F-4955-9246-129F9AE38E4D}.Debug|Any CPU.ActiveCfg = Debug|Any CPU
		{E82332F4-8A8F-4955-9246-129F9AE38E4D}.Debug|Any CPU.Build.0 = Debug|Any CPU
		{E82332F4-8A8F-4955-9246-129F9AE38E4D}.Release|Any CPU.ActiveCfg = Release|Any CPU
		{E82332F4-8A8F-4955-9246-129F9AE38E4D}.Release|Any CPU.Build.0 = Release|Any CPU
	EndGlobalSection
	GlobalSection(SolutionProperties) = preSolution
		HideSolutionNode = FALSE
	EndGlobalSection
	GlobalSection(ExtensibilityGlobals) = postSolution
		SolutionGuid = {32890BAC-CC88-4002-B55F-0B8574021D1B}
	EndGlobalSection
EndGlobal
